<?xml version="1.0" encoding="utf-8"?>
<Project ToolsVersion="4.0" xmlns="http://schemas.microsoft.com/developer/msbuild/2003">
  <ItemGroup>
    <Filter Include="Source Files">
      <UniqueIdentifier>{4FC737F1-C7A5-4376-A066-2A32D752A2FF}</UniqueIdentifier>
      <Extensions>cpp;c;cc;cxx;c++;cppm;ixx;def;odl;idl;hpj;bat;asm;asmx</Extensions>
    </Filter>
    <Filter Include="Header Files">
      <UniqueIdentifier>{93995380-89BD-4b04-88EB-625FBE52EBFB}</UniqueIdentifier>
      <Extensions>h;hh;hpp;hxx;h++;hm;inl;inc;ipp;xsd</Extensions>
    </Filter>
    <Filter Include="Resource Files">
      <UniqueIdentifier>{67DA6AB6-F800-4c08-8B7A-83BB121AAD01}</UniqueIdentifier>
      <Extensions>rc;ico;cur;bmp;dlg;rc2;rct;bin;rgs;gif;jpg;jpeg;jpe;resx;tiff;tif;png;wav;mfcribbon-ms</Extensions>
    </Filter>
  </ItemGroup>
  <ItemGroup>
    <ClCompile Include="zlib_build_test.cpp">
      <Filter>Source Files</Filter>
    </ClCompile>
    <ClCompile Include="D:\Visual Studio libraries\zlib-master\adler32.c">
      <Filter>Source Files</Filter>
    </ClCompile>
    <ClCompile Include="D:\Visual Studio libraries\zlib-master\compress.c">
      <Filter>Source Files</Filter>
    </ClCompile>
    <ClCompile Include="D:\Visual Studio libraries\zlib-master\crc32.c">
      <Filter>Source Files</Filter>
    </ClCompile>
    <ClCompile Include="D:\Visual Studio libraries\zlib-master\deflate.c">
      <Filter>Source Files</Filter>
    </ClCompile>
    <ClCompile Include="D:\Visual Studio libraries\zlib-master\gzclose.c">
      <Filter>Source Files</Filter>
    </ClCompile>
    <ClCompile Include="D:\Visual Studio libraries\zlib-master\gzlib.c">
      <Filter>Source Files</Filter>
    </ClCompile>
    <ClCompile Include="D:\Visual Studio libraries\zlib-master\gzread.c">
      <Filter>Source Files</Filter>
    </ClCompile>
    <ClCompile Include="D:\Visual Studio libraries\zlib-master\gzwrite.c">
      <Filter>Source Files</Filter>
    </ClCompile>
    <ClCompile Include="D:\Visual Studio libraries\zlib-master\infback.c">
      <Filter>Source Files</Filter>
    </ClCompile>
    <ClCompile Include="D:\Visual Studio libraries\zlib-master\inffast.c">
      <Filter>Source Files</Filter>
    </ClCompile>
    <ClCompile Include="D:\Visual Studio libraries\zlib-master\inflate.c">
      <Filter>Source Files</Filter>
    </ClCompile>
    <ClCompile Include="D:\Visual Studio libraries\zlib-master\inftrees.c">
      <Filter>Source Files</Filter>
    </ClCompile>
    <ClCompile Include="D:\Visual Studio libraries\zlib-master\trees.c">
      <Filter>Source Files</Filter>
    </ClCompile>
    <ClCompile Include="D:\Visual Studio libraries\zlib-master\uncompr.c">
      <Filter>Source Files</Filter>
    </ClCompile>
    <ClCompile Include="D:\Visual Studio libraries\zlib-master\zutil.c">
      <Filter>Source Files</Filter>
    </ClCompile>
  </ItemGroup>
  <ItemGroup>
    <ClInclude Include="D:\Visual Studio libraries\zlib-master\crc32.h">
      <Filter>Header Files</Filter>
    </ClInclude>
    <ClInclude Include="D:\Visual Studio libraries\zlib-master\deflate.h">
      <Filter>Header Files</Filter>
    </ClInclude>
    <ClInclude Include="D:\Visual Studio libraries\zlib-master\gzguts.h">
      <Filter>Header Files</Filter>
    </ClInclude>
    <ClInclude Include="D:\Visual Studio libraries\zlib-master\inffast.h">
      <Filter>Header Files</Filter>
    </ClInclude>
    <ClInclude Include="D:\Visual Studio libraries\zlib-master\inffixed.h">
      <Filter>Header Files</Filter>
    </ClInclude>
    <ClInclude Include="D:\Visual Studio libraries\zlib-master\inflate.h">
      <Filter>Header Files</Filter>
    </ClInclude>
    <ClInclude Include="D:\Visual Studio libraries\zlib-master\inftrees.h">
      <Filter>Header Files</Filter>
    </ClInclude>
    <ClInclude Include="D:\Visual Studio libraries\zlib-master\trees.h">
      <Filter>Header Files</Filter>
    </ClInclude>
    <ClInclude Include="D:\Visual Studio libraries\zlib-master\zconf.h">
      <Filter>Header Files</Filter>
    </ClInclude>
    <ClInclude Include="D:\Visual Studio libraries\zlib-master\zlib.h">
      <Filter>Header Files</Filter>
    </ClInclude>
    <ClInclude Include="D:\Visual Studio libraries\zlib-master\zutil.h">
      <Filter>Header Files</Filter>
    </ClInclude>
  </ItemGroup>
</Project>